// !$*UTF8*$!
{
	archiveVersion = 1;
	classes = {
	};
	objectVersion = 56;
	objects = {

/* Begin PBXBuildFile section */
		0545B7082BB8422800B8157C /* ComposableArchitecture in Frameworks */ = {isa = PBXBuildFile; productRef = 0545B7072BB8422800B8157C /* ComposableArchitecture */; };
		05C638A02BAFA667007A98BE /* Eput2App.swift in Sources */ = {isa = PBXBuildFile; fileRef = 05C6389F2BAFA667007A98BE /* Eput2App.swift */; };
		05C638A42BAFA66A007A98BE /* Assets.xcassets in Resources */ = {isa = PBXBuildFile; fileRef = 05C638A32BAFA66A007A98BE /* Assets.xcassets */; };
		05C638A72BAFA66A007A98BE /* Preview Assets.xcassets in Resources */ = {isa = PBXBuildFile; fileRef = 05C638A62BAFA66A007A98BE /* Preview Assets.xcassets */; };
		05C638B12BAFA66B007A98BE /* Eput2Tests.swift in Sources */ = {isa = PBXBuildFile; fileRef = 05C638B02BAFA66B007A98BE /* Eput2Tests.swift */; };
		05C638BB2BAFA66B007A98BE /* Eput2UITests.swift in Sources */ = {isa = PBXBuildFile; fileRef = 05C638BA2BAFA66B007A98BE /* Eput2UITests.swift */; };
		05C638BD2BAFA66B007A98BE /* Eput2UITestsLaunchTests.swift in Sources */ = {isa = PBXBuildFile; fileRef = 05C638BC2BAFA66B007A98BE /* Eput2UITestsLaunchTests.swift */; };
		05D5D9012BB848CD002C65C5 /* BaseTabView.swift in Sources */ = {isa = PBXBuildFile; fileRef = 05D5D9002BB848CD002C65C5 /* BaseTabView.swift */; };
		05D5D9032BB84941002C65C5 /* WordListView.swift in Sources */ = {isa = PBXBuildFile; fileRef = 05D5D9022BB84941002C65C5 /* WordListView.swift */; };
		F883D9D42BB903710029F230 /* WordCell.swift in Sources */ = {isa = PBXBuildFile; fileRef = F883D9D32BB903710029F230 /* WordCell.swift */; };
		F883D9D82BB9043E0029F230 /* WordModel.swift in Sources */ = {isa = PBXBuildFile; fileRef = F883D9D72BB9043E0029F230 /* WordModel.swift */; };
		F883D9DB2BB904B70029F230 /* TagModel.swift in Sources */ = {isa = PBXBuildFile; fileRef = F883D9DA2BB904B70029F230 /* TagModel.swift */; };
		F883D9DE2BB99EF00029F230 /* InputModal.swift in Sources */ = {isa = PBXBuildFile; fileRef = F883D9DD2BB99EF00029F230 /* InputModal.swift */; };
		F883DA032BBC1F340029F230 /* RealmStorage.swift in Sources */ = {isa = PBXBuildFile; fileRef = F883DA022BBC1F340029F230 /* RealmStorage.swift */; };
		F883DA062BBC1FA00029F230 /* Realm in Frameworks */ = {isa = PBXBuildFile; productRef = F883DA052BBC1FA00029F230 /* Realm */; };
		F883DA082BBC1FA00029F230 /* RealmSwift in Frameworks */ = {isa = PBXBuildFile; productRef = F883DA072BBC1FA00029F230 /* RealmSwift */; };
		F883DA132BBC228E0029F230 /* DefaultWordStorageService.swift in Sources */ = {isa = PBXBuildFile; fileRef = F883DA122BBC228E0029F230 /* DefaultWordStorageService.swift */; };
		F883DA162BBC229B0029F230 /* WordStorageService.swift in Sources */ = {isa = PBXBuildFile; fileRef = F883DA152BBC229B0029F230 /* WordStorageService.swift */; };
		F883DA182BBC23220029F230 /* WordAppService.swift in Sources */ = {isa = PBXBuildFile; fileRef = F883DA172BBC23220029F230 /* WordAppService.swift */; };
		F883DA1A2BBC232F0029F230 /* DefaultWordAppService.swift in Sources */ = {isa = PBXBuildFile; fileRef = F883DA192BBC232F0029F230 /* DefaultWordAppService.swift */; };
		F883DA1C2BBC24A00029F230 /* TagObject.swift in Sources */ = {isa = PBXBuildFile; fileRef = F883DA1B2BBC24A00029F230 /* TagObject.swift */; };
		F883DA1E2BBC24A90029F230 /* WordObject.swift in Sources */ = {isa = PBXBuildFile; fileRef = F883DA1D2BBC24A90029F230 /* WordObject.swift */; };
		F883DA202BBC24B40029F230 /* TagDTO.swift in Sources */ = {isa = PBXBuildFile; fileRef = F883DA1F2BBC24B40029F230 /* TagDTO.swift */; };
		F883DA222BBC24BB0029F230 /* WordDTO.swift in Sources */ = {isa = PBXBuildFile; fileRef = F883DA212BBC24BB0029F230 /* WordDTO.swift */; };
		F883DA252BBC3C900029F230 /* Realm+.swift in Sources */ = {isa = PBXBuildFile; fileRef = F883DA242BBC3C900029F230 /* Realm+.swift */; };
		F883DA2A2BBD86810029F230 /* TagSelectView.swift in Sources */ = {isa = PBXBuildFile; fileRef = F883DA292BBD86810029F230 /* TagSelectView.swift */; };
		F883DA2C2BBD89840029F230 /* TagCell.swift in Sources */ = {isa = PBXBuildFile; fileRef = F883DA2B2BBD89840029F230 /* TagCell.swift */; };
		F883DA2F2BBD8B510029F230 /* LanguagePicker.swift in Sources */ = {isa = PBXBuildFile; fileRef = F883DA2E2BBD8B510029F230 /* LanguagePicker.swift */; };
		F8E352F22BD53BEF00D8CA27 /* DefaultUserDefaultsService.swift in Sources */ = {isa = PBXBuildFile; fileRef = F8E352F12BD53BEF00D8CA27 /* DefaultUserDefaultsService.swift */; };
		F8E352F42BD53BF600D8CA27 /* UserDefaultsService.swift in Sources */ = {isa = PBXBuildFile; fileRef = F8E352F32BD53BF600D8CA27 /* UserDefaultsService.swift */; };
		F8E6DE0F2BCEB71C004AC7E8 /* CheckBoxView.swift in Sources */ = {isa = PBXBuildFile; fileRef = F8E6DE0E2BCEB71C004AC7E8 /* CheckBoxView.swift */; };
/* End PBXBuildFile section */

/* Begin PBXContainerItemProxy section */
		05C638AD2BAFA66B007A98BE /* PBXContainerItemProxy */ = {
			isa = PBXContainerItemProxy;
			containerPortal = 05C638942BAFA667007A98BE /* Project object */;
			proxyType = 1;
			remoteGlobalIDString = 05C6389B2BAFA667007A98BE;
			remoteInfo = Eput2;
		};
		05C638B72BAFA66B007A98BE /* PBXContainerItemProxy */ = {
			isa = PBXContainerItemProxy;
			containerPortal = 05C638942BAFA667007A98BE /* Project object */;
			proxyType = 1;
			remoteGlobalIDString = 05C6389B2BAFA667007A98BE;
			remoteInfo = Eput2;
		};
/* End PBXContainerItemProxy section */

/* Begin PBXFileReference section */
		05C6389C2BAFA667007A98BE /* Eput2.app */ = {isa = PBXFileReference; explicitFileType = wrapper.application; includeInIndex = 0; path = Eput2.app; sourceTree = BUILT_PRODUCTS_DIR; };
		05C6389F2BAFA667007A98BE /* Eput2App.swift */ = {isa = PBXFileReference; lastKnownFileType = sourcecode.swift; path = Eput2App.swift; sourceTree = "<group>"; };
		05C638A32BAFA66A007A98BE /* Assets.xcassets */ = {isa = PBXFileReference; lastKnownFileType = folder.assetcatalog; path = Assets.xcassets; sourceTree = "<group>"; };
		05C638A62BAFA66A007A98BE /* Preview Assets.xcassets */ = {isa = PBXFileReference; lastKnownFileType = folder.assetcatalog; path = "Preview Assets.xcassets"; sourceTree = "<group>"; };
		05C638AC2BAFA66B007A98BE /* Eput2Tests.xctest */ = {isa = PBXFileReference; explicitFileType = wrapper.cfbundle; includeInIndex = 0; path = Eput2Tests.xctest; sourceTree = BUILT_PRODUCTS_DIR; };
		05C638B02BAFA66B007A98BE /* Eput2Tests.swift */ = {isa = PBXFileReference; lastKnownFileType = sourcecode.swift; path = Eput2Tests.swift; sourceTree = "<group>"; };
		05C638B62BAFA66B007A98BE /* Eput2UITests.xctest */ = {isa = PBXFileReference; explicitFileType = wrapper.cfbundle; includeInIndex = 0; path = Eput2UITests.xctest; sourceTree = BUILT_PRODUCTS_DIR; };
		05C638BA2BAFA66B007A98BE /* Eput2UITests.swift */ = {isa = PBXFileReference; lastKnownFileType = sourcecode.swift; path = Eput2UITests.swift; sourceTree = "<group>"; };
		05C638BC2BAFA66B007A98BE /* Eput2UITestsLaunchTests.swift */ = {isa = PBXFileReference; lastKnownFileType = sourcecode.swift; path = Eput2UITestsLaunchTests.swift; sourceTree = "<group>"; };
		05D5D9002BB848CD002C65C5 /* BaseTabView.swift */ = {isa = PBXFileReference; lastKnownFileType = sourcecode.swift; path = BaseTabView.swift; sourceTree = "<group>"; };
		05D5D9022BB84941002C65C5 /* WordListView.swift */ = {isa = PBXFileReference; lastKnownFileType = sourcecode.swift; path = WordListView.swift; sourceTree = "<group>"; };
		F883D9D32BB903710029F230 /* WordCell.swift */ = {isa = PBXFileReference; lastKnownFileType = sourcecode.swift; path = WordCell.swift; sourceTree = "<group>"; };
		F883D9D72BB9043E0029F230 /* WordModel.swift */ = {isa = PBXFileReference; lastKnownFileType = sourcecode.swift; path = WordModel.swift; sourceTree = "<group>"; };
		F883D9DA2BB904B70029F230 /* TagModel.swift */ = {isa = PBXFileReference; lastKnownFileType = sourcecode.swift; path = TagModel.swift; sourceTree = "<group>"; };
		F883D9DD2BB99EF00029F230 /* InputModal.swift */ = {isa = PBXFileReference; lastKnownFileType = sourcecode.swift; path = InputModal.swift; sourceTree = "<group>"; };
		F883DA022BBC1F340029F230 /* RealmStorage.swift */ = {isa = PBXFileReference; lastKnownFileType = sourcecode.swift; path = RealmStorage.swift; sourceTree = "<group>"; };
		F883DA122BBC228E0029F230 /* DefaultWordStorageService.swift */ = {isa = PBXFileReference; lastKnownFileType = sourcecode.swift; path = DefaultWordStorageService.swift; sourceTree = "<group>"; };
		F883DA152BBC229B0029F230 /* WordStorageService.swift */ = {isa = PBXFileReference; lastKnownFileType = sourcecode.swift; path = WordStorageService.swift; sourceTree = "<group>"; };
		F883DA172BBC23220029F230 /* WordAppService.swift */ = {isa = PBXFileReference; lastKnownFileType = sourcecode.swift; path = WordAppService.swift; sourceTree = "<group>"; };
		F883DA192BBC232F0029F230 /* DefaultWordAppService.swift */ = {isa = PBXFileReference; lastKnownFileType = sourcecode.swift; path = DefaultWordAppService.swift; sourceTree = "<group>"; };
		F883DA1B2BBC24A00029F230 /* TagObject.swift */ = {isa = PBXFileReference; lastKnownFileType = sourcecode.swift; path = TagObject.swift; sourceTree = "<group>"; };
		F883DA1D2BBC24A90029F230 /* WordObject.swift */ = {isa = PBXFileReference; lastKnownFileType = sourcecode.swift; path = WordObject.swift; sourceTree = "<group>"; };
		F883DA1F2BBC24B40029F230 /* TagDTO.swift */ = {isa = PBXFileReference; lastKnownFileType = sourcecode.swift; path = TagDTO.swift; sourceTree = "<group>"; };
		F883DA212BBC24BB0029F230 /* WordDTO.swift */ = {isa = PBXFileReference; lastKnownFileType = sourcecode.swift; path = WordDTO.swift; sourceTree = "<group>"; };
		F883DA242BBC3C900029F230 /* Realm+.swift */ = {isa = PBXFileReference; lastKnownFileType = sourcecode.swift; path = "Realm+.swift"; sourceTree = "<group>"; };
		F883DA292BBD86810029F230 /* TagSelectView.swift */ = {isa = PBXFileReference; lastKnownFileType = sourcecode.swift; path = TagSelectView.swift; sourceTree = "<group>"; };
		F883DA2B2BBD89840029F230 /* TagCell.swift */ = {isa = PBXFileReference; lastKnownFileType = sourcecode.swift; path = TagCell.swift; sourceTree = "<group>"; };
		F883DA2E2BBD8B510029F230 /* LanguagePicker.swift */ = {isa = PBXFileReference; lastKnownFileType = sourcecode.swift; path = LanguagePicker.swift; sourceTree = "<group>"; };
		F8E352F12BD53BEF00D8CA27 /* DefaultUserDefaultsService.swift */ = {isa = PBXFileReference; lastKnownFileType = sourcecode.swift; path = DefaultUserDefaultsService.swift; sourceTree = "<group>"; };
		F8E352F32BD53BF600D8CA27 /* UserDefaultsService.swift */ = {isa = PBXFileReference; lastKnownFileType = sourcecode.swift; path = UserDefaultsService.swift; sourceTree = "<group>"; };
		F8E6DE0E2BCEB71C004AC7E8 /* CheckBoxView.swift */ = {isa = PBXFileReference; lastKnownFileType = sourcecode.swift; path = CheckBoxView.swift; sourceTree = "<group>"; };
/* End PBXFileReference section */

/* Begin PBXFrameworksBuildPhase section */
		05C638992BAFA667007A98BE /* Frameworks */ = {
			isa = PBXFrameworksBuildPhase;
			buildActionMask = 2147483647;
			files = (
				F883DA082BBC1FA00029F230 /* RealmSwift in Frameworks */,
				F883DA062BBC1FA00029F230 /* Realm in Frameworks */,
				0545B7082BB8422800B8157C /* ComposableArchitecture in Frameworks */,
			);
			runOnlyForDeploymentPostprocessing = 0;
		};
		05C638A92BAFA66B007A98BE /* Frameworks */ = {
			isa = PBXFrameworksBuildPhase;
			buildActionMask = 2147483647;
			files = (
			);
			runOnlyForDeploymentPostprocessing = 0;
		};
		05C638B32BAFA66B007A98BE /* Frameworks */ = {
			isa = PBXFrameworksBuildPhase;
			buildActionMask = 2147483647;
			files = (
			);
			runOnlyForDeploymentPostprocessing = 0;
		};
/* End PBXFrameworksBuildPhase section */

/* Begin PBXGroup section */
		0545B7092BB8432C00B8157C /* WordList */ = {
			isa = PBXGroup;
			children = (
				F8E6DE0D2BCEB701004AC7E8 /* CheckBoxView */,
				F883D9D22BB9034A0029F230 /* WordCell */,
				05D5D9022BB84941002C65C5 /* WordListView.swift */,
			);
			path = WordList;
			sourceTree = "<group>";
		};
		0545B70C2BB8437E00B8157C /* Main */ = {
			isa = PBXGroup;
			children = (
				05D5D9002BB848CD002C65C5 /* BaseTabView.swift */,
			);
			path = Main;
			sourceTree = "<group>";
		};
		05C638932BAFA667007A98BE = {
			isa = PBXGroup;
			children = (
				05C6389E2BAFA667007A98BE /* Eput2 */,
				05C638AF2BAFA66B007A98BE /* Eput2Tests */,
				05C638B92BAFA66B007A98BE /* Eput2UITests */,
				05C6389D2BAFA667007A98BE /* Products */,
			);
			sourceTree = "<group>";
		};
		05C6389D2BAFA667007A98BE /* Products */ = {
			isa = PBXGroup;
			children = (
				05C6389C2BAFA667007A98BE /* Eput2.app */,
				05C638AC2BAFA66B007A98BE /* Eput2Tests.xctest */,
				05C638B62BAFA66B007A98BE /* Eput2UITests.xctest */,
			);
			name = Products;
			sourceTree = "<group>";
		};
		05C6389E2BAFA667007A98BE /* Eput2 */ = {
			isa = PBXGroup;
			children = (
				F883D9FE2BBC1E710029F230 /* Domain */,
				F883DA232BBC3C850029F230 /* Extension */,
				05C638C92BB30089007A98BE /* Presentation */,
				F883DA002BBC1F1C0029F230 /* Infrastructure */,
				05C6389F2BAFA667007A98BE /* Eput2App.swift */,
				05C638A32BAFA66A007A98BE /* Assets.xcassets */,
				05C638A52BAFA66A007A98BE /* Preview Content */,
			);
			path = Eput2;
			sourceTree = "<group>";
		};
		05C638A52BAFA66A007A98BE /* Preview Content */ = {
			isa = PBXGroup;
			children = (
				05C638A62BAFA66A007A98BE /* Preview Assets.xcassets */,
			);
			path = "Preview Content";
			sourceTree = "<group>";
		};
		05C638AF2BAFA66B007A98BE /* Eput2Tests */ = {
			isa = PBXGroup;
			children = (
				05C638B02BAFA66B007A98BE /* Eput2Tests.swift */,
			);
			path = Eput2Tests;
			sourceTree = "<group>";
		};
		05C638B92BAFA66B007A98BE /* Eput2UITests */ = {
			isa = PBXGroup;
			children = (
				05C638BA2BAFA66B007A98BE /* Eput2UITests.swift */,
				05C638BC2BAFA66B007A98BE /* Eput2UITestsLaunchTests.swift */,
			);
			path = Eput2UITests;
			sourceTree = "<group>";
		};
		05C638C92BB30089007A98BE /* Presentation */ = {
			isa = PBXGroup;
			children = (
				0545B70C2BB8437E00B8157C /* Main */,
				F883D9DC2BB99ED10029F230 /* InputModal */,
				0545B7092BB8432C00B8157C /* WordList */,
			);
			path = Presentation;
			sourceTree = "<group>";
		};
		F883D9D22BB9034A0029F230 /* WordCell */ = {
			isa = PBXGroup;
			children = (
				F883D9D32BB903710029F230 /* WordCell.swift */,
			);
			path = WordCell;
			sourceTree = "<group>";
		};
		F883D9D52BB903D20029F230 /* Models */ = {
			isa = PBXGroup;
			children = (
				F883D9D92BB904AD0029F230 /* Tag */,
				F883D9D62BB903DA0029F230 /* Word */,
			);
			path = Models;
			sourceTree = "<group>";
		};
		F883D9D62BB903DA0029F230 /* Word */ = {
			isa = PBXGroup;
			children = (
				F883DA212BBC24BB0029F230 /* WordDTO.swift */,
				F883D9D72BB9043E0029F230 /* WordModel.swift */,
				F883DA1D2BBC24A90029F230 /* WordObject.swift */,
			);
			path = Word;
			sourceTree = "<group>";
		};
		F883D9D92BB904AD0029F230 /* Tag */ = {
			isa = PBXGroup;
			children = (
				F883DA1F2BBC24B40029F230 /* TagDTO.swift */,
				F883D9DA2BB904B70029F230 /* TagModel.swift */,
				F883DA1B2BBC24A00029F230 /* TagObject.swift */,
			);
			path = Tag;
			sourceTree = "<group>";
		};
		F883D9DC2BB99ED10029F230 /* InputModal */ = {
			isa = PBXGroup;
			children = (
				F883D9DD2BB99EF00029F230 /* InputModal.swift */,
				F883DA2D2BBD8B400029F230 /* LanguagePicker */,
				F883DA262BBD865B0029F230 /* TagSelectView */,
			);
			path = InputModal;
			sourceTree = "<group>";
		};
		F883D9FE2BBC1E710029F230 /* Domain */ = {
			isa = PBXGroup;
			children = (
				F883D9FF2BBC1E9C0029F230 /* Services */,
				F883D9D52BB903D20029F230 /* Models */,
			);
			path = Domain;
			sourceTree = "<group>";
		};
		F883D9FF2BBC1E9C0029F230 /* Services */ = {
			isa = PBXGroup;
			children = (
				F883DA0F2BBC226F0029F230 /* App */,
				F883DA092BBC1FDD0029F230 /* Storage */,
			);
			path = Services;
			sourceTree = "<group>";
		};
		F883DA002BBC1F1C0029F230 /* Infrastructure */ = {
			isa = PBXGroup;
			children = (
				F883DA022BBC1F340029F230 /* RealmStorage.swift */,
			);
			path = Infrastructure;
			sourceTree = "<group>";
		};
		F883DA092BBC1FDD0029F230 /* Storage */ = {
			isa = PBXGroup;
			children = (
				F883DA0C2BBC22250029F230 /* Interface */,
				F883DA0B2BBC221F0029F230 /* Implementation */,
			);
			path = Storage;
			sourceTree = "<group>";
		};
		F883DA0B2BBC221F0029F230 /* Implementation */ = {
			isa = PBXGroup;
			children = (
				F883DA122BBC228E0029F230 /* DefaultWordStorageService.swift */,
			);
			path = Implementation;
			sourceTree = "<group>";
		};
		F883DA0C2BBC22250029F230 /* Interface */ = {
			isa = PBXGroup;
			children = (
				F883DA152BBC229B0029F230 /* WordStorageService.swift */,
			);
			path = Interface;
			sourceTree = "<group>";
		};
		F883DA0F2BBC226F0029F230 /* App */ = {
			isa = PBXGroup;
			children = (
				F883DA112BBC22790029F230 /* Interface */,
				F883DA102BBC22740029F230 /* Implementation */,
			);
			path = App;
			sourceTree = "<group>";
		};
		F883DA102BBC22740029F230 /* Implementation */ = {
			isa = PBXGroup;
			children = (
				F8E352F12BD53BEF00D8CA27 /* DefaultUserDefaultsService.swift */,
				F883DA192BBC232F0029F230 /* DefaultWordAppService.swift */,
			);
			path = Implementation;
			sourceTree = "<group>";
		};
		F883DA112BBC22790029F230 /* Interface */ = {
			isa = PBXGroup;
			children = (
				F8E352F32BD53BF600D8CA27 /* UserDefaultsService.swift */,
				F883DA172BBC23220029F230 /* WordAppService.swift */,
			);
			path = Interface;
			sourceTree = "<group>";
		};
		F883DA232BBC3C850029F230 /* Extension */ = {
			isa = PBXGroup;
			children = (
				F883DA242BBC3C900029F230 /* Realm+.swift */,
			);
			path = Extension;
			sourceTree = "<group>";
		};
		F883DA262BBD865B0029F230 /* TagSelectView */ = {
			isa = PBXGroup;
			children = (
				F883DA2B2BBD89840029F230 /* TagCell.swift */,
				F883DA292BBD86810029F230 /* TagSelectView.swift */,
			);
			path = TagSelectView;
			sourceTree = "<group>";
		};
		F883DA2D2BBD8B400029F230 /* LanguagePicker */ = {
			isa = PBXGroup;
			children = (
				F883DA2E2BBD8B510029F230 /* LanguagePicker.swift */,
			);
			path = LanguagePicker;
			sourceTree = "<group>";
		};
		F8E6DE0D2BCEB701004AC7E8 /* CheckBoxView */ = {
			isa = PBXGroup;
			children = (
				F8E6DE0E2BCEB71C004AC7E8 /* CheckBoxView.swift */,
			);
			path = CheckBoxView;
			sourceTree = "<group>";
		};
/* End PBXGroup section */

/* Begin PBXNativeTarget section */
		05C6389B2BAFA667007A98BE /* Eput2 */ = {
			isa = PBXNativeTarget;
			buildConfigurationList = 05C638C02BAFA66B007A98BE /* Build configuration list for PBXNativeTarget "Eput2" */;
			buildPhases = (
				05C638982BAFA667007A98BE /* Sources */,
				05C638992BAFA667007A98BE /* Frameworks */,
				05C6389A2BAFA667007A98BE /* Resources */,
			);
			buildRules = (
			);
			dependencies = (
			);
			name = Eput2;
			packageProductDependencies = (
				0545B7072BB8422800B8157C /* ComposableArchitecture */,
				F883DA052BBC1FA00029F230 /* Realm */,
				F883DA072BBC1FA00029F230 /* RealmSwift */,
			);
			productName = Eput2;
			productReference = 05C6389C2BAFA667007A98BE /* Eput2.app */;
			productType = "com.apple.product-type.application";
		};
		05C638AB2BAFA66B007A98BE /* Eput2Tests */ = {
			isa = PBXNativeTarget;
			buildConfigurationList = 05C638C32BAFA66B007A98BE /* Build configuration list for PBXNativeTarget "Eput2Tests" */;
			buildPhases = (
				05C638A82BAFA66B007A98BE /* Sources */,
				05C638A92BAFA66B007A98BE /* Frameworks */,
				05C638AA2BAFA66B007A98BE /* Resources */,
			);
			buildRules = (
			);
			dependencies = (
				05C638AE2BAFA66B007A98BE /* PBXTargetDependency */,
			);
			name = Eput2Tests;
			productName = Eput2Tests;
			productReference = 05C638AC2BAFA66B007A98BE /* Eput2Tests.xctest */;
			productType = "com.apple.product-type.bundle.unit-test";
		};
		05C638B52BAFA66B007A98BE /* Eput2UITests */ = {
			isa = PBXNativeTarget;
			buildConfigurationList = 05C638C62BAFA66B007A98BE /* Build configuration list for PBXNativeTarget "Eput2UITests" */;
			buildPhases = (
				05C638B22BAFA66B007A98BE /* Sources */,
				05C638B32BAFA66B007A98BE /* Frameworks */,
				05C638B42BAFA66B007A98BE /* Resources */,
			);
			buildRules = (
			);
			dependencies = (
				05C638B82BAFA66B007A98BE /* PBXTargetDependency */,
			);
			name = Eput2UITests;
			productName = Eput2UITests;
			productReference = 05C638B62BAFA66B007A98BE /* Eput2UITests.xctest */;
			productType = "com.apple.product-type.bundle.ui-testing";
		};
/* End PBXNativeTarget section */

/* Begin PBXProject section */
		05C638942BAFA667007A98BE /* Project object */ = {
			isa = PBXProject;
			attributes = {
				BuildIndependentTargetsInParallel = 1;
				LastSwiftUpdateCheck = 1530;
				LastUpgradeCheck = 1530;
				TargetAttributes = {
					05C6389B2BAFA667007A98BE = {
						CreatedOnToolsVersion = 15.3;
					};
					05C638AB2BAFA66B007A98BE = {
						CreatedOnToolsVersion = 15.3;
						TestTargetID = 05C6389B2BAFA667007A98BE;
					};
					05C638B52BAFA66B007A98BE = {
						CreatedOnToolsVersion = 15.3;
						TestTargetID = 05C6389B2BAFA667007A98BE;
					};
				};
			};
			buildConfigurationList = 05C638972BAFA667007A98BE /* Build configuration list for PBXProject "Eput2" */;
			compatibilityVersion = "Xcode 14.0";
			developmentRegion = en;
			hasScannedForEncodings = 0;
			knownRegions = (
				en,
				Base,
			);
			mainGroup = 05C638932BAFA667007A98BE;
			packageReferences = (
				0545B7062BB8422800B8157C /* XCRemoteSwiftPackageReference "swift-composable-architecture" */,
				F883DA042BBC1FA00029F230 /* XCRemoteSwiftPackageReference "realm-swift" */,
			);
			productRefGroup = 05C6389D2BAFA667007A98BE /* Products */;
			projectDirPath = "";
			projectRoot = "";
			targets = (
				05C6389B2BAFA667007A98BE /* Eput2 */,
				05C638AB2BAFA66B007A98BE /* Eput2Tests */,
				05C638B52BAFA66B007A98BE /* Eput2UITests */,
			);
		};
/* End PBXProject section */

/* Begin PBXResourcesBuildPhase section */
		05C6389A2BAFA667007A98BE /* Resources */ = {
			isa = PBXResourcesBuildPhase;
			buildActionMask = 2147483647;
			files = (
				05C638A72BAFA66A007A98BE /* Preview Assets.xcassets in Resources */,
				05C638A42BAFA66A007A98BE /* Assets.xcassets in Resources */,
			);
			runOnlyForDeploymentPostprocessing = 0;
		};
		05C638AA2BAFA66B007A98BE /* Resources */ = {
			isa = PBXResourcesBuildPhase;
			buildActionMask = 2147483647;
			files = (
			);
			runOnlyForDeploymentPostprocessing = 0;
		};
		05C638B42BAFA66B007A98BE /* Resources */ = {
			isa = PBXResourcesBuildPhase;
			buildActionMask = 2147483647;
			files = (
			);
			runOnlyForDeploymentPostprocessing = 0;
		};
/* End PBXResourcesBuildPhase section */

/* Begin PBXSourcesBuildPhase section */
		05C638982BAFA667007A98BE /* Sources */ = {
			isa = PBXSourcesBuildPhase;
			buildActionMask = 2147483647;
			files = (
				05D5D9032BB84941002C65C5 /* WordListView.swift in Sources */,
				F883DA1A2BBC232F0029F230 /* DefaultWordAppService.swift in Sources */,
				F883D9DB2BB904B70029F230 /* TagModel.swift in Sources */,
				F883DA2C2BBD89840029F230 /* TagCell.swift in Sources */,
				F8E352F42BD53BF600D8CA27 /* UserDefaultsService.swift in Sources */,
				F883DA132BBC228E0029F230 /* DefaultWordStorageService.swift in Sources */,
				F883D9D82BB9043E0029F230 /* WordModel.swift in Sources */,
				F883DA162BBC229B0029F230 /* WordStorageService.swift in Sources */,
				F8E6DE0F2BCEB71C004AC7E8 /* CheckBoxView.swift in Sources */,
				F883DA032BBC1F340029F230 /* RealmStorage.swift in Sources */,
				F883DA1C2BBC24A00029F230 /* TagObject.swift in Sources */,
				F883D9D42BB903710029F230 /* WordCell.swift in Sources */,
				F883DA182BBC23220029F230 /* WordAppService.swift in Sources */,
				F883D9DE2BB99EF00029F230 /* InputModal.swift in Sources */,
				F883DA222BBC24BB0029F230 /* WordDTO.swift in Sources */,
				05C638A02BAFA667007A98BE /* Eput2App.swift in Sources */,
				F883DA2A2BBD86810029F230 /* TagSelectView.swift in Sources */,
				F8E352F22BD53BEF00D8CA27 /* DefaultUserDefaultsService.swift in Sources */,
				F883DA252BBC3C900029F230 /* Realm+.swift in Sources */,
				F883DA2F2BBD8B510029F230 /* LanguagePicker.swift in Sources */,
				F883DA1E2BBC24A90029F230 /* WordObject.swift in Sources */,
				05D5D9012BB848CD002C65C5 /* BaseTabView.swift in Sources */,
				F883DA202BBC24B40029F230 /* TagDTO.swift in Sources */,
			);
			runOnlyForDeploymentPostprocessing = 0;
		};
		05C638A82BAFA66B007A98BE /* Sources */ = {
			isa = PBXSourcesBuildPhase;
			buildActionMask = 2147483647;
			files = (
				05C638B12BAFA66B007A98BE /* Eput2Tests.swift in Sources */,
			);
			runOnlyForDeploymentPostprocessing = 0;
		};
		05C638B22BAFA66B007A98BE /* Sources */ = {
			isa = PBXSourcesBuildPhase;
			buildActionMask = 2147483647;
			files = (
				05C638BB2BAFA66B007A98BE /* Eput2UITests.swift in Sources */,
				05C638BD2BAFA66B007A98BE /* Eput2UITestsLaunchTests.swift in Sources */,
			);
			runOnlyForDeploymentPostprocessing = 0;
		};
/* End PBXSourcesBuildPhase section */

/* Begin PBXTargetDependency section */
		05C638AE2BAFA66B007A98BE /* PBXTargetDependency */ = {
			isa = PBXTargetDependency;
			target = 05C6389B2BAFA667007A98BE /* Eput2 */;
			targetProxy = 05C638AD2BAFA66B007A98BE /* PBXContainerItemProxy */;
		};
		05C638B82BAFA66B007A98BE /* PBXTargetDependency */ = {
			isa = PBXTargetDependency;
			target = 05C6389B2BAFA667007A98BE /* Eput2 */;
			targetProxy = 05C638B72BAFA66B007A98BE /* PBXContainerItemProxy */;
		};
/* End PBXTargetDependency section */

/* Begin XCBuildConfiguration section */
		05C638BE2BAFA66B007A98BE /* Debug */ = {
			isa = XCBuildConfiguration;
			buildSettings = {
				ALWAYS_SEARCH_USER_PATHS = NO;
				ASSETCATALOG_COMPILER_GENERATE_SWIFT_ASSET_SYMBOL_EXTENSIONS = YES;
				CLANG_ANALYZER_NONNULL = YES;
				CLANG_ANALYZER_NUMBER_OBJECT_CONVERSION = YES_AGGRESSIVE;
				CLANG_CXX_LANGUAGE_STANDARD = "gnu++20";
				CLANG_ENABLE_MODULES = YES;
				CLANG_ENABLE_OBJC_ARC = YES;
				CLANG_ENABLE_OBJC_WEAK = YES;
				CLANG_WARN_BLOCK_CAPTURE_AUTORELEASING = YES;
				CLANG_WARN_BOOL_CONVERSION = YES;
				CLANG_WARN_COMMA = YES;
				CLANG_WARN_CONSTANT_CONVERSION = YES;
				CLANG_WARN_DEPRECATED_OBJC_IMPLEMENTATIONS = YES;
				CLANG_WARN_DIRECT_OBJC_ISA_USAGE = YES_ERROR;
				CLANG_WARN_DOCUMENTATION_COMMENTS = YES;
				CLANG_WARN_EMPTY_BODY = YES;
				CLANG_WARN_ENUM_CONVERSION = YES;
				CLANG_WARN_INFINITE_RECURSION = YES;
				CLANG_WARN_INT_CONVERSION = YES;
				CLANG_WARN_NON_LITERAL_NULL_CONVERSION = YES;
				CLANG_WARN_OBJC_IMPLICIT_RETAIN_SELF = YES;
				CLANG_WARN_OBJC_LITERAL_CONVERSION = YES;
				CLANG_WARN_OBJC_ROOT_CLASS = YES_ERROR;
				CLANG_WARN_QUOTED_INCLUDE_IN_FRAMEWORK_HEADER = YES;
				CLANG_WARN_RANGE_LOOP_ANALYSIS = YES;
				CLANG_WARN_STRICT_PROTOTYPES = YES;
				CLANG_WARN_SUSPICIOUS_MOVE = YES;
				CLANG_WARN_UNGUARDED_AVAILABILITY = YES_AGGRESSIVE;
				CLANG_WARN_UNREACHABLE_CODE = YES;
				CLANG_WARN__DUPLICATE_METHOD_MATCH = YES;
				COPY_PHASE_STRIP = NO;
				DEBUG_INFORMATION_FORMAT = dwarf;
				ENABLE_STRICT_OBJC_MSGSEND = YES;
				ENABLE_TESTABILITY = YES;
				ENABLE_USER_SCRIPT_SANDBOXING = YES;
				GCC_C_LANGUAGE_STANDARD = gnu17;
				GCC_DYNAMIC_NO_PIC = NO;
				GCC_NO_COMMON_BLOCKS = YES;
				GCC_OPTIMIZATION_LEVEL = 0;
				GCC_PREPROCESSOR_DEFINITIONS = (
					"DEBUG=1",
					"$(inherited)",
				);
				GCC_WARN_64_TO_32_BIT_CONVERSION = YES;
				GCC_WARN_ABOUT_RETURN_TYPE = YES_ERROR;
				GCC_WARN_UNDECLARED_SELECTOR = YES;
				GCC_WARN_UNINITIALIZED_AUTOS = YES_AGGRESSIVE;
				GCC_WARN_UNUSED_FUNCTION = YES;
				GCC_WARN_UNUSED_VARIABLE = YES;
				IPHONEOS_DEPLOYMENT_TARGET = 17.4;
				LOCALIZATION_PREFERS_STRING_CATALOGS = YES;
				MTL_ENABLE_DEBUG_INFO = INCLUDE_SOURCE;
				MTL_FAST_MATH = YES;
				ONLY_ACTIVE_ARCH = YES;
				SDKROOT = iphoneos;
				SWIFT_ACTIVE_COMPILATION_CONDITIONS = "DEBUG $(inherited)";
				SWIFT_OPTIMIZATION_LEVEL = "-Onone";
			};
			name = Debug;
		};
		05C638BF2BAFA66B007A98BE /* Release */ = {
			isa = XCBuildConfiguration;
			buildSettings = {
				ALWAYS_SEARCH_USER_PATHS = NO;
				ASSETCATALOG_COMPILER_GENERATE_SWIFT_ASSET_SYMBOL_EXTENSIONS = YES;
				CLANG_ANALYZER_NONNULL = YES;
				CLANG_ANALYZER_NUMBER_OBJECT_CONVERSION = YES_AGGRESSIVE;
				CLANG_CXX_LANGUAGE_STANDARD = "gnu++20";
				CLANG_ENABLE_MODULES = YES;
				CLANG_ENABLE_OBJC_ARC = YES;
				CLANG_ENABLE_OBJC_WEAK = YES;
				CLANG_WARN_BLOCK_CAPTURE_AUTORELEASING = YES;
				CLANG_WARN_BOOL_CONVERSION = YES;
				CLANG_WARN_COMMA = YES;
				CLANG_WARN_CONSTANT_CONVERSION = YES;
				CLANG_WARN_DEPRECATED_OBJC_IMPLEMENTATIONS = YES;
				CLANG_WARN_DIRECT_OBJC_ISA_USAGE = YES_ERROR;
				CLANG_WARN_DOCUMENTATION_COMMENTS = YES;
				CLANG_WARN_EMPTY_BODY = YES;
				CLANG_WARN_ENUM_CONVERSION = YES;
				CLANG_WARN_INFINITE_RECURSION = YES;
				CLANG_WARN_INT_CONVERSION = YES;
				CLANG_WARN_NON_LITERAL_NULL_CONVERSION = YES;
				CLANG_WARN_OBJC_IMPLICIT_RETAIN_SELF = YES;
				CLANG_WARN_OBJC_LITERAL_CONVERSION = YES;
				CLANG_WARN_OBJC_ROOT_CLASS = YES_ERROR;
				CLANG_WARN_QUOTED_INCLUDE_IN_FRAMEWORK_HEADER = YES;
				CLANG_WARN_RANGE_LOOP_ANALYSIS = YES;
				CLANG_WARN_STRICT_PROTOTYPES = YES;
				CLANG_WARN_SUSPICIOUS_MOVE = YES;
				CLANG_WARN_UNGUARDED_AVAILABILITY = YES_AGGRESSIVE;
				CLANG_WARN_UNREACHABLE_CODE = YES;
				CLANG_WARN__DUPLICATE_METHOD_MATCH = YES;
				COPY_PHASE_STRIP = NO;
				DEBUG_INFORMATION_FORMAT = "dwarf-with-dsym";
				ENABLE_NS_ASSERTIONS = NO;
				ENABLE_STRICT_OBJC_MSGSEND = YES;
				ENABLE_USER_SCRIPT_SANDBOXING = YES;
				GCC_C_LANGUAGE_STANDARD = gnu17;
				GCC_NO_COMMON_BLOCKS = YES;
				GCC_WARN_64_TO_32_BIT_CONVERSION = YES;
				GCC_WARN_ABOUT_RETURN_TYPE = YES_ERROR;
				GCC_WARN_UNDECLARED_SELECTOR = YES;
				GCC_WARN_UNINITIALIZED_AUTOS = YES_AGGRESSIVE;
				GCC_WARN_UNUSED_FUNCTION = YES;
				GCC_WARN_UNUSED_VARIABLE = YES;
				IPHONEOS_DEPLOYMENT_TARGET = 17.4;
				LOCALIZATION_PREFERS_STRING_CATALOGS = YES;
				MTL_ENABLE_DEBUG_INFO = NO;
				MTL_FAST_MATH = YES;
				SDKROOT = iphoneos;
				SWIFT_COMPILATION_MODE = wholemodule;
				VALIDATE_PRODUCT = YES;
			};
			name = Release;
		};
		05C638C12BAFA66B007A98BE /* Debug */ = {
			isa = XCBuildConfiguration;
			buildSettings = {
				ASSETCATALOG_COMPILER_APPICON_NAME = AppIcon;
				ASSETCATALOG_COMPILER_GLOBAL_ACCENT_COLOR_NAME = AccentColor;
				CODE_SIGN_STYLE = Automatic;
				CURRENT_PROJECT_VERSION = 1;
				DEVELOPMENT_ASSET_PATHS = "\"Eput2/Preview Content\"";
				DEVELOPMENT_TEAM = R3B8FY6GM3;
				ENABLE_PREVIEWS = YES;
				GENERATE_INFOPLIST_FILE = YES;
				INFOPLIST_KEY_UIApplicationSceneManifest_Generation = YES;
				INFOPLIST_KEY_UIApplicationSupportsIndirectInputEvents = YES;
				INFOPLIST_KEY_UILaunchScreen_Generation = YES;
				INFOPLIST_KEY_UISupportedInterfaceOrientations_iPad = "UIInterfaceOrientationPortrait UIInterfaceOrientationPortraitUpsideDown UIInterfaceOrientationLandscapeLeft UIInterfaceOrientationLandscapeRight";
				INFOPLIST_KEY_UISupportedInterfaceOrientations_iPhone = "UIInterfaceOrientationPortrait UIInterfaceOrientationLandscapeLeft UIInterfaceOrientationLandscapeRight";
				LD_RUNPATH_SEARCH_PATHS = (
					"$(inherited)",
					"@executable_path/Frameworks",
				);
				MARKETING_VERSION = 1.1;
				PRODUCT_BUNDLE_IDENTIFIER = com.startaiyo.Eput2;
				PRODUCT_NAME = "$(TARGET_NAME)";
				SWIFT_EMIT_LOC_STRINGS = YES;
				SWIFT_VERSION = 5.0;
				TARGETED_DEVICE_FAMILY = 1;
			};
			name = Debug;
		};
		05C638C22BAFA66B007A98BE /* Release */ = {
			isa = XCBuildConfiguration;
			buildSettings = {
				ASSETCATALOG_COMPILER_APPICON_NAME = AppIcon;
				ASSETCATALOG_COMPILER_GLOBAL_ACCENT_COLOR_NAME = AccentColor;
				CODE_SIGN_STYLE = Automatic;
				CURRENT_PROJECT_VERSION = 1;
				DEVELOPMENT_ASSET_PATHS = "\"Eput2/Preview Content\"";
				DEVELOPMENT_TEAM = R3B8FY6GM3;
				ENABLE_PREVIEWS = YES;
				GENERATE_INFOPLIST_FILE = YES;
				INFOPLIST_KEY_UIApplicationSceneManifest_Generation = YES;
				INFOPLIST_KEY_UIApplicationSupportsIndirectInputEvents = YES;
				INFOPLIST_KEY_UILaunchScreen_Generation = YES;
				INFOPLIST_KEY_UISupportedInterfaceOrientations_iPad = "UIInterfaceOrientationPortrait UIInterfaceOrientationPortraitUpsideDown UIInterfaceOrientationLandscapeLeft UIInterfaceOrientationLandscapeRight";
				INFOPLIST_KEY_UISupportedInterfaceOrientations_iPhone = "UIInterfaceOrientationPortrait UIInterfaceOrientationLandscapeLeft UIInterfaceOrientationLandscapeRight";
				LD_RUNPATH_SEARCH_PATHS = (
					"$(inherited)",
					"@executable_path/Frameworks",
				);
				MARKETING_VERSION = 1.1;
				PRODUCT_BUNDLE_IDENTIFIER = com.startaiyo.Eput2;
				PRODUCT_NAME = "$(TARGET_NAME)";
				SWIFT_EMIT_LOC_STRINGS = YES;
				SWIFT_VERSION = 5.0;
				TARGETED_DEVICE_FAMILY = 1;
			};
			name = Release;
		};
		05C638C42BAFA66B007A98BE /* Debug */ = {
			isa = XCBuildConfiguration;
			buildSettings = {
				ALWAYS_EMBED_SWIFT_STANDARD_LIBRARIES = YES;
				BUNDLE_LOADER = "$(TEST_HOST)";
				CODE_SIGN_STYLE = Automatic;
				CURRENT_PROJECT_VERSION = 1;
				GENERATE_INFOPLIST_FILE = YES;
				IPHONEOS_DEPLOYMENT_TARGET = 17.4;
				MARKETING_VERSION = 1.0;
				PRODUCT_BUNDLE_IDENTIFIER = com.startaiyo.Eput2Tests;
				PRODUCT_NAME = "$(TARGET_NAME)";
				SWIFT_EMIT_LOC_STRINGS = NO;
				SWIFT_VERSION = 5.0;
				TARGETED_DEVICE_FAMILY = "1,2";
				TEST_HOST = "$(BUILT_PRODUCTS_DIR)/Eput2.app/$(BUNDLE_EXECUTABLE_FOLDER_PATH)/Eput2";
			};
			name = Debug;
		};
		05C638C52BAFA66B007A98BE /* Release */ = {
			isa = XCBuildConfiguration;
			buildSettings = {
				ALWAYS_EMBED_SWIFT_STANDARD_LIBRARIES = YES;
				BUNDLE_LOADER = "$(TEST_HOST)";
				CODE_SIGN_STYLE = Automatic;
				CURRENT_PROJECT_VERSION = 1;
				GENERATE_INFOPLIST_FILE = YES;
				IPHONEOS_DEPLOYMENT_TARGET = 17.4;
				MARKETING_VERSION = 1.0;
				PRODUCT_BUNDLE_IDENTIFIER = com.startaiyo.Eput2Tests;
				PRODUCT_NAME = "$(TARGET_NAME)";
				SWIFT_EMIT_LOC_STRINGS = NO;
				SWIFT_VERSION = 5.0;
				TARGETED_DEVICE_FAMILY = "1,2";
				TEST_HOST = "$(BUILT_PRODUCTS_DIR)/Eput2.app/$(BUNDLE_EXECUTABLE_FOLDER_PATH)/Eput2";
			};
			name = Release;
		};
		05C638C72BAFA66B007A98BE /* Debug */ = {
			isa = XCBuildConfiguration;
			buildSettings = {
				ALWAYS_EMBED_SWIFT_STANDARD_LIBRARIES = YES;
				CODE_SIGN_STYLE = Automatic;
				CURRENT_PROJECT_VERSION = 1;
				GENERATE_INFOPLIST_FILE = YES;
				MARKETING_VERSION = 1.0;
				PRODUCT_BUNDLE_IDENTIFIER = com.startaiyo.Eput2UITests;
				PRODUCT_NAME = "$(TARGET_NAME)";
				SWIFT_EMIT_LOC_STRINGS = NO;
				SWIFT_VERSION = 5.0;
				TARGETED_DEVICE_FAMILY = "1,2";
				TEST_TARGET_NAME = Eput2;
			};
			name = Debug;
		};
		05C638C82BAFA66B007A98BE /* Release */ = {
			isa = XCBuildConfiguration;
			buildSettings = {
				ALWAYS_EMBED_SWIFT_STANDARD_LIBRARIES = YES;
				CODE_SIGN_STYLE = Automatic;
				CURRENT_PROJECT_VERSION = 1;
				GENERATE_INFOPLIST_FILE = YES;
				MARKETING_VERSION = 1.0;
				PRODUCT_BUNDLE_IDENTIFIER = com.startaiyo.Eput2UITests;
				PRODUCT_NAME = "$(TARGET_NAME)";
				SWIFT_EMIT_LOC_STRINGS = NO;
				SWIFT_VERSION = 5.0;
				TARGETED_DEVICE_FAMILY = "1,2";
				TEST_TARGET_NAME = Eput2;
			};
			name = Release;
		};
/* End XCBuildConfiguration section */

/* Begin XCConfigurationList section */
		05C638972BAFA667007A98BE /* Build configuration list for PBXProject "Eput2" */ = {
			isa = XCConfigurationList;
			buildConfigurations = (
				05C638BE2BAFA66B007A98BE /* Debug */,
				05C638BF2BAFA66B007A98BE /* Release */,
			);
			defaultConfigurationIsVisible = 0;
			defaultConfigurationName = Release;
		};
		05C638C02BAFA66B007A98BE /* Build configuration list for PBXNativeTarget "Eput2" */ = {
			isa = XCConfigurationList;
			buildConfigurations = (
				05C638C12BAFA66B007A98BE /* Debug */,
				05C638C22BAFA66B007A98BE /* Release */,
			);
			defaultConfigurationIsVisible = 0;
			defaultConfigurationName = Release;
		};
		05C638C32BAFA66B007A98BE /* Build configuration list for PBXNativeTarget "Eput2Tests" */ = {
			isa = XCConfigurationList;
			buildConfigurations = (
				05C638C42BAFA66B007A98BE /* Debug */,
				05C638C52BAFA66B007A98BE /* Release */,
			);
			defaultConfigurationIsVisible = 0;
			defaultConfigurationName = Release;
		};
		05C638C62BAFA66B007A98BE /* Build configuration list for PBXNativeTarget "Eput2UITests" */ = {
			isa = XCConfigurationList;
			buildConfigurations = (
				05C638C72BAFA66B007A98BE /* Debug */,
				05C638C82BAFA66B007A98BE /* Release */,
			);
			defaultConfigurationIsVisible = 0;
			defaultConfigurationName = Release;
		};
/* End XCConfigurationList section */

/* Begin XCRemoteSwiftPackageReference section */
		0545B7062BB8422800B8157C /* XCRemoteSwiftPackageReference "swift-composable-architecture" */ = {
			isa = XCRemoteSwiftPackageReference;
			repositoryURL = "https://github.com/pointfreeco/swift-composable-architecture";
			requirement = {
				kind = upToNextMajorVersion;
				minimumVersion = 1.9.2;
			};
		};
		F883DA042BBC1FA00029F230 /* XCRemoteSwiftPackageReference "realm-swift" */ = {
			isa = XCRemoteSwiftPackageReference;
			repositoryURL = "https://github.com/realm/realm-swift.git";
			requirement = {
				branch = master;
				kind = branch;
			};
		};
/* End XCRemoteSwiftPackageReference section */

/* Begin XCSwiftPackageProductDependency section */
		0545B7072BB8422800B8157C /* ComposableArchitecture */ = {
			isa = XCSwiftPackageProductDependency;
			package = 0545B7062BB8422800B8157C /* XCRemoteSwiftPackageReference "swift-composable-architecture" */;
			productName = ComposableArchitecture;
		};
		F883DA052BBC1FA00029F230 /* Realm */ = {
			isa = XCSwiftPackageProductDependency;
			package = F883DA042BBC1FA00029F230 /* XCRemoteSwiftPackageReference "realm-swift" */;
			productName = Realm;
		};
		F883DA072BBC1FA00029F230 /* RealmSwift */ = {
			isa = XCSwiftPackageProductDependency;
			package = F883DA042BBC1FA00029F230 /* XCRemoteSwiftPackageReference "realm-swift" */;
			productName = RealmSwift;
		};
/* End XCSwiftPackageProductDependency section */
	};
	rootObject = 05C638942BAFA667007A98BE /* Project object */;
}
